schema: '2.0'
stages:
  data_ingestion:
    cmd: python src/cnnClassifier/pipeline/stage_01_data_ingestion.py
    deps:
    - path: config/config.yaml
      hash: md5
      md5: 57d921ff4cac8c5abf5789b30e2702fc
      size: 907
    - path: src/cnnClassifier/pipeline/stage_01_data_ingestion.py
      hash: md5
      md5: eda0141c2f832cb79bdc69dbd36257f2
      size: 969
    outs:
    - path: artifacts/data_ingestion/Chicken-fecal-images
      hash: md5
      md5: 9e1f8dd2eae3c29e9d635df89d438ae4.dir
      size: 12207807
      nfiles: 390
  prepare_base_model:
    cmd: python src/cnnClassifier/pipeline/stage_02_prepare_base_model.py
    deps:
    - path: config/config.yaml
      hash: md5
      md5: 57d921ff4cac8c5abf5789b30e2702fc
      size: 907
    - path: src/cnnClassifier/pipeline/stage_02_prepare_base_model.py
      hash: md5
      md5: 903516afae7087d5567acb625c952e96
      size: 999
    params:
      params.yaml:
        CLASSES: 2
        IMAGE_SIZE:
        - 224
        - 224
        - 3
        INCLUDE_TOP: false
        LEARNING_RATE: 0.01
        WEIGHTS: imagenet
    outs:
    - path: artifacts/prepare_base_model
      hash: md5
      md5: 5f30e9f00ccf62291f1d5f274f5e0c18.dir
      size: 118054560
      nfiles: 2
  training:
    cmd: python src/cnnClassifier/pipeline/stage_03_training.py
    deps:
    - path: artifacts/data_ingestion/Chicken-fecal-images
      hash: md5
      md5: 9e1f8dd2eae3c29e9d635df89d438ae4.dir
      size: 12207807
      nfiles: 390
    - path: artifacts/prepare_base_model
      hash: md5
      md5: 5f30e9f00ccf62291f1d5f274f5e0c18.dir
      size: 118054560
      nfiles: 2
    - path: config/config.yaml
      hash: md5
      md5: 57d921ff4cac8c5abf5789b30e2702fc
      size: 907
    - path: src/cnnClassifier/components/prepare_callbacks.py
      hash: md5
      md5: 0ef2105c7f4017b96b66f19a4f293314
      size: 934
    - path: src/cnnClassifier/pipeline/stage_03_training.py
      hash: md5
      md5: cdf3bf652f354b6e1785bc57ff694e36
      size: 1268
    params:
      params.yaml:
        AUGMENTATION: true
        BATCH_SIZE: 16
        EPOCHS: 1
        IMAGE_SIZE:
        - 224
        - 224
        - 3
    outs:
    - path: artifacts/training/model.h5
      hash: md5
      md5: 177d217ec7a610f9a99386e6975ee59a
      size: 59337520
  evaluation:
    cmd: python src/cnnClassifier/pipeline/stage_04_evaluation.py
    deps:
    - path: artifacts/data_ingestion/Chicken-fecal-images
      hash: md5
      md5: 9e1f8dd2eae3c29e9d635df89d438ae4.dir
      size: 12207807
      nfiles: 390
    - path: artifacts/training/model.h5
      hash: md5
      md5: 177d217ec7a610f9a99386e6975ee59a
      size: 59337520
    - path: config/config.yaml
      hash: md5
      md5: 57d921ff4cac8c5abf5789b30e2702fc
      size: 907
    - path: src/cnnClassifier/pipeline/stage_04_evaluation.py
      hash: md5
      md5: 18d8a46a52eb6a0e625b1890cfa263c5
      size: 883
    params:
      params.yaml:
        BATCH_SIZE: 16
        IMAGE_SIZE:
        - 224
        - 224
        - 3
    outs:
    - path: scores.json
      hash: md5
      md5: 30946a5f59b8eca8c756bc447ff5d9e9
      size: 58
